
Microsoft Visual Studio Solution File, Format Version 12.00
# Visual Studio 15
VisualStudioVersion = 15.0.27703.2000
MinimumVisualStudioVersion = 10.0.40219.1
Project("{FAE04EC0-301F-11D3-BF4B-00C04F79EFBC}") = "Remote_Desktop", "Remote_Desktop\Remote_Desktop.csproj", "{F10EF6A9-6D46-49F3-A530-8D2F09A4B532}"
EndProject
Global
	GlobalSection(SolutionConfigurationPlatforms) = preSolution
		Debug|Any CPU = Debug|Any CPU
		Release|Any CPU = Release|Any CPU
	EndGlobalSection
	GlobalSection(ProjectConfigurationPlatforms) = postSolution
		{F10EF6A9-6D46-49F3-A530-8D2F09A4B532}.Debug|Any CPU.ActiveCfg = Debug|Any CPU
		{F10EF6A9-6D46-49F3-A530-8D2F09A4B532}.Debug|Any CPU.Build.0 = Debug|Any CPU
		{F10EF6A9-6D46-49F3-A530-8D2F09A4B532}.Release|Any CPU.ActiveCfg = Release|Any CPU
		{F10EF6A9-6D46-49F3-A530-8D2F09A4B532}.Release|Any CPU.Build.0 = Release|Any CPU
	EndGlobalSection
	GlobalSection(SolutionProperties) = preSolution
		HideSolutionNode = FALSE
	EndGlobalSection
	GlobalSection(ExtensibilityGlobals) = postSolution
		SolutionGuid = {6BC16D6B-1E30-4D32-A54A-3938F32B00C3}
	EndGlobalSection
EndGlobal
